
Microsoft Visual Studio Solution File, Format Version 12.00
# Visual Studio 14
VisualStudioVersion = 14.0.23107.0
MinimumVisualStudioVersion = 10.0.40219.1
Project("{FAE04EC0-301F-11D3-BF4B-00C04F79EFBC}") = "WTacticsDAL", "WTacticsDAL\WTacticsDAL.csproj", "{393E2C32-40F2-4716-A1D7-567C015D3BB8}"
EndProject
Project("{FAE04EC0-301F-11D3-BF4B-00C04F79EFBC}") = "WTacticsLibrary", "WTacticsLibrary\WTacticsLibrary.csproj", "{2F428931-E634-4BCA-AFE2-552E599B7B53}"
EndProject
Project("{FAE04EC0-301F-11D3-BF4B-00C04F79EFBC}") = "WTacticsService", "WTacticsService\WTacticsService.csproj", "{7B29D8CD-EA80-4B80-A558-BDE279C710A9}"
EndProject
Global
	GlobalSection(SolutionConfigurationPlatforms) = preSolution
		Debug|Any CPU = Debug|Any CPU
		Release|Any CPU = Release|Any CPU
	EndGlobalSection
	GlobalSection(ProjectConfigurationPlatforms) = postSolution
		{393E2C32-40F2-4716-A1D7-567C015D3BB8}.Debug|Any CPU.ActiveCfg = Debug|Any CPU
		{393E2C32-40F2-4716-A1D7-567C015D3BB8}.Debug|Any CPU.Build.0 = Debug|Any CPU
		{393E2C32-40F2-4716-A1D7-567C015D3BB8}.Release|Any CPU.ActiveCfg = Release|Any CPU
		{393E2C32-40F2-4716-A1D7-567C015D3BB8}.Release|Any CPU.Build.0 = Release|Any CPU
		{2F428931-E634-4BCA-AFE2-552E599B7B53}.Debug|Any CPU.ActiveCfg = Debug|Any CPU
		{2F428931-E634-4BCA-AFE2-552E599B7B53}.Debug|Any CPU.Build.0 = Debug|Any CPU
		{2F428931-E634-4BCA-AFE2-552E599B7B53}.Release|Any CPU.ActiveCfg = Release|Any CPU
		{2F428931-E634-4BCA-AFE2-552E599B7B53}.Release|Any CPU.Build.0 = Release|Any CPU
		{7B29D8CD-EA80-4B80-A558-BDE279C710A9}.Debug|Any CPU.ActiveCfg = Debug|Any CPU
		{7B29D8CD-EA80-4B80-A558-BDE279C710A9}.Debug|Any CPU.Build.0 = Debug|Any CPU
		{7B29D8CD-EA80-4B80-A558-BDE279C710A9}.Release|Any CPU.ActiveCfg = Release|Any CPU
		{7B29D8CD-EA80-4B80-A558-BDE279C710A9}.Release|Any CPU.Build.0 = Release|Any CPU
	EndGlobalSection
	GlobalSection(SolutionProperties) = preSolution
		HideSolutionNode = FALSE
	EndGlobalSection
EndGlobal
